dependencies:
  espressif/cmake_utilities:
    component_hash: 351350613ceafba240b761b4ea991e0f231ac7a9f59a9ee901f751bddc0bb18f
    dependencies:
    - name: idf
      require: private
      version: '>=4.1'
    source:
      registry_url: https://components.espressif.com
      type: service
    version: 0.5.3
  espressif/iot_eth:
    component_hash: 3be03ff933e27e17887becbed16305a561b35b66a5a4978ac51ae7f9f2ec70ea
    dependencies:
    - name: espressif/cmake_utilities
      registry_url: https://components.espressif.com
      require: private
      version: '*'
    - name: idf
      require: private
      version: '>=4.4'
    source:
      registry_url: https://components.espressif.com
      type: service
    version: 1.1.0
  espressif/iot_usbh_cdc:
    component_hash: e924a79e9b7926b38bee52234d9f90101d8926f5e560dd5edf51c395546eac87
    dependencies:
    - name: espressif/cmake_utilities
      registry_url: https://components.espressif.com
      require: private
      version: '*'
    - name: espressif/usb
      registry_url: https://components.espressif.com
      require: public
      rules:
      - if: idf_version >=6.0
      - if: target not in ["linux"]
      version: ^1.4.0
    - name: idf
      require: private
      version: '>=5.1'
    source:
      registry_url: https://components.espressif.com
      type: service
    targets:
    - esp32s2
    - esp32s3
    - esp32s31
    - esp32p4
    version: 3.1.0
  espressif/iot_usbh_modem:
    component_hash: 2c9d527bef0721c2925341ee92c7244d4bc5b45c8ffe85d68e125deab7322083
    dependencies:
    - name: espressif/cmake_utilities
      registry_url: https://components.espressif.com
      require: private
      version: 0.*
    - name: espressif/iot_eth
      registry_url: https://components.espressif.com
      require: private
      version: '*'
    - name: idf
      require: private
      version: '>=5.1'
    - name: espressif/iot_usbh_cdc
      registry_url: https://components.espressif.com
      require: private
      version: ^3.1
    - name: espressif/modem_at
      registry_url: https://components.espressif.com
      require: private
      version: '*'
    source:
      registry_url: https://components.espressif.com/
      type: service
    targets:
    - esp32s2
    - esp32s3
    - esp32s31
    - esp32p4
    version: 2.2.0
  espressif/modem_at:
    component_hash: 86d8260760c5c41decd7a1d3bd3c3805c9be0174c60c502a074734b2342b406a
    dependencies:
    - name: espressif/cmake_utilities
      registry_url: https://components.espressif.com
      require: private
      version: '*'
    - name: idf
      require: private
      version: '>=4.4'
    source:
      registry_url: https://components.espressif.com
      type: service
    version: 0.1.0
  espressif/usb:
    component_hash: 6c2cff118141dbbca181d0d27d71801fdddfc78f7ac03ae43f6e5a8cbd89cb99
    dependencies:
    - name: idf
      require: private
      version: '>=5.5.3'
    source:
      registry_url: https://components.espressif.com
      type: service
    targets:
    - esp32s2
    - esp32s3
    - esp32s31
    - esp32p4
    - esp32h4
    - linux
    version: 1.5.0
  idf:
    source:
      type: idf
    version: 6.1.0
direct_dependencies:
- espressif/iot_usbh_modem
- idf
manifest_hash: 31e72830da58150a41c1a2d179d09a2a90b6785a5df83b0bd9c4fc77aa599397
target: esp32s3
version: 3.0.0
